
Microsoft Visual Studio Solution File, Format Version 12.00
# Visual Studio Version 16
VisualStudioVersion = 16.0.31515.178
MinimumVisualStudioVersion = 10.0.40219.1
Project("{FAE04EC0-301F-11D3-BF4B-00C04F79EFBC}") = "PizzaApp", "PizzaApp\PizzaApp.csproj", "{03CC7D47-8D4D-4791-A20F-1DC84F5B8A81}"
EndProject
Global
	GlobalSection(SolutionConfigurationPlatforms) = preSolution
		Debug|Any CPU = Debug|Any CPU
		Release|Any CPU = Release|Any CPU
	EndGlobalSection
	GlobalSection(ProjectConfigurationPlatforms) = postSolution
		{03CC7D47-8D4D-4791-A20F-1DC84F5B8A81}.Debug|Any CPU.ActiveCfg = Debug|Any CPU
		{03CC7D47-8D4D-4791-A20F-1DC84F5B8A81}.Debug|Any CPU.Build.0 = Debug|Any CPU
		{03CC7D47-8D4D-4791-A20F-1DC84F5B8A81}.Release|Any CPU.ActiveCfg = Release|Any CPU
		{03CC7D47-8D4D-4791-A20F-1DC84F5B8A81}.Release|Any CPU.Build.0 = Release|Any CPU
	EndGlobalSection
	GlobalSection(SolutionProperties) = preSolution
		HideSolutionNode = FALSE
	EndGlobalSection
	GlobalSection(ExtensibilityGlobals) = postSolution
		SolutionGuid = {8A4075B4-3F6C-443F-A68D-7C120D34B34C}
	EndGlobalSection
EndGlobal
